{
    "_readme": [
        "This file locks the dependencies of your project to a known state",
        "Read more about it at https://getcomposer.org/doc/01-basic-usage.md#composer-lock-the-lock-file",
        "This file is @generated automatically"
    ],
    "content-hash": "d28e19b239b73801220a15a4d7ce8c89",
    "packages": [
        {
            "name": "phpquery/phpquery",
            "version": "0.0.1",
            "source": {
                "type": "git",
                "url": "https://github.com/elboza/PhpQuery.git",
                "reference": "bb781306fec808e34f2143da9dff28547d742c12"
            },
            "dist": {
                "type": "zip",
                "url": "https://api.github.com/repos/elboza/PhpQuery/zipball/bb781306fec808e34f2143da9dff28547d742c12",
                "reference": "bb781306fec808e34f2143da9dff28547d742c12",
                "shasum": ""
            },
            "type": "library",
            "autoload": {
                "psr-4": {
                    "PhpQuery\\": "src/"
                }
            },
            "notification-url": "https://packagist.org/downloads/",
            "license": [
                "Beerware"
            ],
            "authors": [
                {
                    "name": "Fernando Iazeolla",
                    "email": "fernando.iazeolla@gmail.com"
                }
            ],
            "description": "jquery for php",
            "time": "2018-04-21T16:49:30+00:00"
        }
    ],
    "packages-dev": [],
    "aliases": [],
    "minimum-stability": "stable",
    "stability-flags": [],
    "prefer-stable": false,
    "prefer-lowest": false,
    "platform": [],
    "platform-dev": []
}
